
Microsoft Visual Studio Solution File, Format Version 12.00
# Visual Studio Version 16
VisualStudioVersion = 16.0.30517.126
MinimumVisualStudioVersion = 10.0.40219.1
Project("{9A19103F-16F7-4668-BE54-9A1E7A4F7556}") = "JpManifestoNFeTests", "..\JpManifestoNFeTests\JpManifestoNFeTests.csproj", "{4442FC0F-57A2-4ECE-8C04-23FE3625464C}"
	ProjectSection(ProjectDependencies) = postProject
		{5A054E93-EDB9-48D9-89B6-68CE7515D2BA} = {5A054E93-EDB9-48D9-89B6-68CE7515D2BA}
	EndProjectSection
EndProject
Project("{9A19103F-16F7-4668-BE54-9A1E7A4F7556}") = "JpManifestoNFE", "JpManifestoNFE.csproj", "{5A054E93-EDB9-48D9-89B6-68CE7515D2BA}"
EndProject
Project("{FAE04EC0-301F-11D3-BF4B-00C04F79EFBC}") = "ManifestoTestNetFrameworkPackage", "..\ManifestoTestNetFrameworkPackage\ManifestoTestNetFrameworkPackage.csproj", "{974A1241-219D-4FD1-99C9-7929ED74068B}"
EndProject
Global
	GlobalSection(SolutionConfigurationPlatforms) = preSolution
		Debug|Any CPU = Debug|Any CPU
		Release|Any CPU = Release|Any CPU
	EndGlobalSection
	GlobalSection(ProjectConfigurationPlatforms) = postSolution
		{4442FC0F-57A2-4ECE-8C04-23FE3625464C}.Debug|Any CPU.ActiveCfg = Debug|Any CPU
		{4442FC0F-57A2-4ECE-8C04-23FE3625464C}.Debug|Any CPU.Build.0 = Debug|Any CPU
		{4442FC0F-57A2-4ECE-8C04-23FE3625464C}.Release|Any CPU.ActiveCfg = Release|Any CPU
		{4442FC0F-57A2-4ECE-8C04-23FE3625464C}.Release|Any CPU.Build.0 = Release|Any CPU
		{5A054E93-EDB9-48D9-89B6-68CE7515D2BA}.Debug|Any CPU.ActiveCfg = Debug|Any CPU
		{5A054E93-EDB9-48D9-89B6-68CE7515D2BA}.Debug|Any CPU.Build.0 = Debug|Any CPU
		{5A054E93-EDB9-48D9-89B6-68CE7515D2BA}.Release|Any CPU.ActiveCfg = Release|Any CPU
		{5A054E93-EDB9-48D9-89B6-68CE7515D2BA}.Release|Any CPU.Build.0 = Release|Any CPU
		{974A1241-219D-4FD1-99C9-7929ED74068B}.Debug|Any CPU.ActiveCfg = Debug|Any CPU
		{974A1241-219D-4FD1-99C9-7929ED74068B}.Debug|Any CPU.Build.0 = Debug|Any CPU
		{974A1241-219D-4FD1-99C9-7929ED74068B}.Release|Any CPU.ActiveCfg = Release|Any CPU
		{974A1241-219D-4FD1-99C9-7929ED74068B}.Release|Any CPU.Build.0 = Release|Any CPU
	EndGlobalSection
	GlobalSection(SolutionProperties) = preSolution
		HideSolutionNode = FALSE
	EndGlobalSection
	GlobalSection(ExtensibilityGlobals) = postSolution
		SolutionGuid = {E6BECA18-B4BB-4DFD-9D33-23DEF464CCC5}
	EndGlobalSection
EndGlobal
